// !$*UTF8*$!
{
	archiveVersion = 1;
	classes = {
	};
	objectVersion = 56;
	objects = {

/* Begin PBXBuildFile section */
		CA323FA3FC5DB3F8DA9AB5C5 /* Pods_iMess.framework in Frameworks */ = {isa = PBXBuildFile; fileRef = 6A1C60A3E75C86239143B8A7 /* Pods_iMess.framework */; };
		FEE7BF1F28DF2D17000B87A4 /* AppDelegate.swift in Sources */ = {isa = PBXBuildFile; fileRef = FEE7BF1E28DF2D17000B87A4 /* AppDelegate.swift */; };
		FEE7BF2128DF2D17000B87A4 /* SceneDelegate.swift in Sources */ = {isa = PBXBuildFile; fileRef = FEE7BF2028DF2D17000B87A4 /* SceneDelegate.swift */; };
		FEE7BF2328DF2D17000B87A4 /* ConversationsViewController.swift in Sources */ = {isa = PBXBuildFile; fileRef = FEE7BF2228DF2D17000B87A4 /* ConversationsViewController.swift */; };
		FEE7BF2628DF2D17000B87A4 /* Conversation.storyboard in Resources */ = {isa = PBXBuildFile; fileRef = FEE7BF2428DF2D17000B87A4 /* Conversation.storyboard */; };
		FEE7BF2828DF2D1A000B87A4 /* Assets.xcassets in Resources */ = {isa = PBXBuildFile; fileRef = FEE7BF2728DF2D1A000B87A4 /* Assets.xcassets */; };
		FEE7BF2B28DF2D1A000B87A4 /* LaunchScreen.storyboard in Resources */ = {isa = PBXBuildFile; fileRef = FEE7BF2928DF2D1A000B87A4 /* LaunchScreen.storyboard */; };
		FEE7BF3928DF336E000B87A4 /* LoginViewController.swift in Sources */ = {isa = PBXBuildFile; fileRef = FEE7BF3828DF336E000B87A4 /* LoginViewController.swift */; };
		FEE7BF3B28DF338B000B87A4 /* RegisterViewController.swift in Sources */ = {isa = PBXBuildFile; fileRef = FEE7BF3A28DF338B000B87A4 /* RegisterViewController.swift */; };
		FEE7BF3D28DF33BF000B87A4 /* PhotoViewerViewController.swift in Sources */ = {isa = PBXBuildFile; fileRef = FEE7BF3C28DF33BF000B87A4 /* PhotoViewerViewController.swift */; };
		FEE7BF3F28DF33CD000B87A4 /* VideoViewerViewController.swift in Sources */ = {isa = PBXBuildFile; fileRef = FEE7BF3E28DF33CD000B87A4 /* VideoViewerViewController.swift */; };
		FEE7BF4128DF33FE000B87A4 /* NewConversationViewController.swift in Sources */ = {isa = PBXBuildFile; fileRef = FEE7BF4028DF33FE000B87A4 /* NewConversationViewController.swift */; };
		FEE7BF4328DF3417000B87A4 /* ProfileViewController.swift in Sources */ = {isa = PBXBuildFile; fileRef = FEE7BF4228DF3417000B87A4 /* ProfileViewController.swift */; };
		FEE7BF4828DF4038000B87A4 /* Login.storyboard in Resources */ = {isa = PBXBuildFile; fileRef = FEE7BF4728DF4038000B87A4 /* Login.storyboard */; };
		FEE7BF4A28DF4047000B87A4 /* Registration.storyboard in Resources */ = {isa = PBXBuildFile; fileRef = FEE7BF4928DF4047000B87A4 /* Registration.storyboard */; };
		FEFC8B3428E00B760061ED75 /* GoogleService-Info.plist in Resources */ = {isa = PBXBuildFile; fileRef = FEFC8B3328E00B760061ED75 /* GoogleService-Info.plist */; };
/* End PBXBuildFile section */

/* Begin PBXFileReference section */
		4F5B587F82B69874E29814FC /* Pods-iMess.debug.xcconfig */ = {isa = PBXFileReference; includeInIndex = 1; lastKnownFileType = text.xcconfig; name = "Pods-iMess.debug.xcconfig"; path = "Target Support Files/Pods-iMess/Pods-iMess.debug.xcconfig"; sourceTree = "<group>"; };
		6A1C60A3E75C86239143B8A7 /* Pods_iMess.framework */ = {isa = PBXFileReference; explicitFileType = wrapper.framework; includeInIndex = 0; path = Pods_iMess.framework; sourceTree = BUILT_PRODUCTS_DIR; };
		DF636D2E2E65B0161AA48CA8 /* Pods-iMess.release.xcconfig */ = {isa = PBXFileReference; includeInIndex = 1; lastKnownFileType = text.xcconfig; name = "Pods-iMess.release.xcconfig"; path = "Target Support Files/Pods-iMess/Pods-iMess.release.xcconfig"; sourceTree = "<group>"; };
		FEE7BF1B28DF2D17000B87A4 /* iMess.app */ = {isa = PBXFileReference; explicitFileType = wrapper.application; includeInIndex = 0; path = iMess.app; sourceTree = BUILT_PRODUCTS_DIR; };
		FEE7BF1E28DF2D17000B87A4 /* AppDelegate.swift */ = {isa = PBXFileReference; lastKnownFileType = sourcecode.swift; path = AppDelegate.swift; sourceTree = "<group>"; };
		FEE7BF2028DF2D17000B87A4 /* SceneDelegate.swift */ = {isa = PBXFileReference; lastKnownFileType = sourcecode.swift; path = SceneDelegate.swift; sourceTree = "<group>"; };
		FEE7BF2228DF2D17000B87A4 /* ConversationsViewController.swift */ = {isa = PBXFileReference; lastKnownFileType = sourcecode.swift; path = ConversationsViewController.swift; sourceTree = "<group>"; };
		FEE7BF2528DF2D17000B87A4 /* Base */ = {isa = PBXFileReference; lastKnownFileType = file.storyboard; name = Base; path = Base.lproj/Conversation.storyboard; sourceTree = "<group>"; };
		FEE7BF2728DF2D1A000B87A4 /* Assets.xcassets */ = {isa = PBXFileReference; lastKnownFileType = folder.assetcatalog; path = Assets.xcassets; sourceTree = "<group>"; };
		FEE7BF2A28DF2D1A000B87A4 /* Base */ = {isa = PBXFileReference; lastKnownFileType = file.storyboard; name = Base; path = Base.lproj/LaunchScreen.storyboard; sourceTree = "<group>"; };
		FEE7BF2C28DF2D1A000B87A4 /* Info.plist */ = {isa = PBXFileReference; lastKnownFileType = text.plist.xml; path = Info.plist; sourceTree = "<group>"; };
		FEE7BF3828DF336E000B87A4 /* LoginViewController.swift */ = {isa = PBXFileReference; lastKnownFileType = sourcecode.swift; path = LoginViewController.swift; sourceTree = "<group>"; };
		FEE7BF3A28DF338B000B87A4 /* RegisterViewController.swift */ = {isa = PBXFileReference; lastKnownFileType = sourcecode.swift; path = RegisterViewController.swift; sourceTree = "<group>"; };
		FEE7BF3C28DF33BF000B87A4 /* PhotoViewerViewController.swift */ = {isa = PBXFileReference; lastKnownFileType = sourcecode.swift; path = PhotoViewerViewController.swift; sourceTree = "<group>"; };
		FEE7BF3E28DF33CD000B87A4 /* VideoViewerViewController.swift */ = {isa = PBXFileReference; lastKnownFileType = sourcecode.swift; path = VideoViewerViewController.swift; sourceTree = "<group>"; };
		FEE7BF4028DF33FE000B87A4 /* NewConversationViewController.swift */ = {isa = PBXFileReference; lastKnownFileType = sourcecode.swift; path = NewConversationViewController.swift; sourceTree = "<group>"; };
		FEE7BF4228DF3417000B87A4 /* ProfileViewController.swift */ = {isa = PBXFileReference; lastKnownFileType = sourcecode.swift; path = ProfileViewController.swift; sourceTree = "<group>"; };
		FEE7BF4728DF4038000B87A4 /* Login.storyboard */ = {isa = PBXFileReference; lastKnownFileType = file.storyboard; path = Login.storyboard; sourceTree = "<group>"; };
		FEE7BF4928DF4047000B87A4 /* Registration.storyboard */ = {isa = PBXFileReference; lastKnownFileType = file.storyboard; path = Registration.storyboard; sourceTree = "<group>"; };
		FEFC8B3328E00B760061ED75 /* GoogleService-Info.plist */ = {isa = PBXFileReference; fileEncoding = 4; lastKnownFileType = text.plist.xml; name = "GoogleService-Info.plist"; path = "../../../../Downloads/GoogleService-Info.plist"; sourceTree = "<group>"; };
/* End PBXFileReference section */

/* Begin PBXFrameworksBuildPhase section */
		FEE7BF1828DF2D17000B87A4 /* Frameworks */ = {
			isa = PBXFrameworksBuildPhase;
			buildActionMask = 2147483647;
			files = (
				CA323FA3FC5DB3F8DA9AB5C5 /* Pods_iMess.framework in Frameworks */,
			);
			runOnlyForDeploymentPostprocessing = 0;
		};
/* End PBXFrameworksBuildPhase section */

/* Begin PBXGroup section */
		C62C267DBAEA306D51782165 /* Pods */ = {
			isa = PBXGroup;
			children = (
				4F5B587F82B69874E29814FC /* Pods-iMess.debug.xcconfig */,
				DF636D2E2E65B0161AA48CA8 /* Pods-iMess.release.xcconfig */,
			);
			path = Pods;
			sourceTree = "<group>";
		};
		CE8CBBDC9B9F269654A66634 /* Frameworks */ = {
			isa = PBXGroup;
			children = (
				6A1C60A3E75C86239143B8A7 /* Pods_iMess.framework */,
			);
			name = Frameworks;
			sourceTree = "<group>";
		};
		FEE7BF1228DF2D17000B87A4 = {
			isa = PBXGroup;
			children = (
				FEE7BF1D28DF2D17000B87A4 /* iMess */,
				FEE7BF1C28DF2D17000B87A4 /* Products */,
				C62C267DBAEA306D51782165 /* Pods */,
				CE8CBBDC9B9F269654A66634 /* Frameworks */,
			);
			sourceTree = "<group>";
		};
		FEE7BF1C28DF2D17000B87A4 /* Products */ = {
			isa = PBXGroup;
			children = (
				FEE7BF1B28DF2D17000B87A4 /* iMess.app */,
			);
			name = Products;
			sourceTree = "<group>";
		};
		FEE7BF1D28DF2D17000B87A4 /* iMess */ = {
			isa = PBXGroup;
			children = (
				FEE7BF3228DF313A000B87A4 /* Resources */,
				FEE7BF3328DF3146000B87A4 /* Models */,
				FEE7BF3528DF315A000B87A4 /* Views */,
				FEE7BF3428DF314D000B87A4 /* ViewModels */,
				FEE7BF3628DF3160000B87A4 /* Controllers */,
				FEE7BF2C28DF2D1A000B87A4 /* Info.plist */,
			);
			path = iMess;
			sourceTree = "<group>";
		};
		FEE7BF3228DF313A000B87A4 /* Resources */ = {
			isa = PBXGroup;
			children = (
				FEFC8B3328E00B760061ED75 /* GoogleService-Info.plist */,
				FEE7BF1E28DF2D17000B87A4 /* AppDelegate.swift */,
				FEE7BF2028DF2D17000B87A4 /* SceneDelegate.swift */,
			);
			path = Resources;
			sourceTree = "<group>";
		};
		FEE7BF3328DF3146000B87A4 /* Models */ = {
			isa = PBXGroup;
			children = (
			);
			path = Models;
			sourceTree = "<group>";
		};
		FEE7BF3428DF314D000B87A4 /* ViewModels */ = {
			isa = PBXGroup;
			children = (
			);
			path = ViewModels;
			sourceTree = "<group>";
		};
		FEE7BF3528DF315A000B87A4 /* Views */ = {
			isa = PBXGroup;
			children = (
				FEE7BF3728DF3222000B87A4 /* Storyboards */,
				FEE7BF2728DF2D1A000B87A4 /* Assets.xcassets */,
			);
			path = Views;
			sourceTree = "<group>";
		};
		FEE7BF3628DF3160000B87A4 /* Controllers */ = {
			isa = PBXGroup;
			children = (
				FEE7BF4528DF354A000B87A4 /* Logining */,
				FEE7BF2228DF2D17000B87A4 /* ConversationsViewController.swift */,
				FEE7BF3C28DF33BF000B87A4 /* PhotoViewerViewController.swift */,
				FEE7BF3E28DF33CD000B87A4 /* VideoViewerViewController.swift */,
				FEE7BF4028DF33FE000B87A4 /* NewConversationViewController.swift */,
				FEE7BF4228DF3417000B87A4 /* ProfileViewController.swift */,
			);
			path = Controllers;
			sourceTree = "<group>";
		};
		FEE7BF3728DF3222000B87A4 /* Storyboards */ = {
			isa = PBXGroup;
			children = (
				FEE7BF4628DF4027000B87A4 /* Logining */,
				FEE7BF2428DF2D17000B87A4 /* Conversation.storyboard */,
				FEE7BF2928DF2D1A000B87A4 /* LaunchScreen.storyboard */,
			);
			path = Storyboards;
			sourceTree = "<group>";
		};
		FEE7BF4528DF354A000B87A4 /* Logining */ = {
			isa = PBXGroup;
			children = (
				FEE7BF3828DF336E000B87A4 /* LoginViewController.swift */,
				FEE7BF3A28DF338B000B87A4 /* RegisterViewController.swift */,
			);
			path = Logining;
			sourceTree = "<group>";
		};
		FEE7BF4628DF4027000B87A4 /* Logining */ = {
			isa = PBXGroup;
			children = (
				FEE7BF4728DF4038000B87A4 /* Login.storyboard */,
				FEE7BF4928DF4047000B87A4 /* Registration.storyboard */,
			);
			path = Logining;
			sourceTree = "<group>";
		};
/* End PBXGroup section */

/* Begin PBXNativeTarget section */
		FEE7BF1A28DF2D17000B87A4 /* iMess */ = {
			isa = PBXNativeTarget;
			buildConfigurationList = FEE7BF2F28DF2D1A000B87A4 /* Build configuration list for PBXNativeTarget "iMess" */;
			buildPhases = (
				CCF2B0C9BE8573F1CF5DB911 /* [CP] Check Pods Manifest.lock */,
				FEE7BF1728DF2D17000B87A4 /* Sources */,
				FEE7BF1828DF2D17000B87A4 /* Frameworks */,
				FEE7BF1928DF2D17000B87A4 /* Resources */,
				BA2491E05233A1E9A032DBB7 /* [CP] Embed Pods Frameworks */,
			);
			buildRules = (
			);
			dependencies = (
			);
			name = iMess;
			productName = iMess;
			productReference = FEE7BF1B28DF2D17000B87A4 /* iMess.app */;
			productType = "com.apple.product-type.application";
		};
/* End PBXNativeTarget section */

/* Begin PBXProject section */
		FEE7BF1328DF2D17000B87A4 /* Project object */ = {
			isa = PBXProject;
			attributes = {
				BuildIndependentTargetsInParallel = 1;
				LastSwiftUpdateCheck = 1400;
				LastUpgradeCheck = 1400;
				TargetAttributes = {
					FEE7BF1A28DF2D17000B87A4 = {
						CreatedOnToolsVersion = 14.0;
					};
				};
			};
			buildConfigurationList = FEE7BF1628DF2D17000B87A4 /* Build configuration list for PBXProject "iMess" */;
			compatibilityVersion = "Xcode 14.0";
			developmentRegion = en;
			hasScannedForEncodings = 0;
			knownRegions = (
				en,
				Base,
			);
			mainGroup = FEE7BF1228DF2D17000B87A4;
			productRefGroup = FEE7BF1C28DF2D17000B87A4 /* Products */;
			projectDirPath = "";
			projectRoot = "";
			targets = (
				FEE7BF1A28DF2D17000B87A4 /* iMess */,
			);
		};
/* End PBXProject section */

/* Begin PBXResourcesBuildPhase section */
		FEE7BF1928DF2D17000B87A4 /* Resources */ = {
			isa = PBXResourcesBuildPhase;
			buildActionMask = 2147483647;
			files = (
				FEE7BF4A28DF4047000B87A4 /* Registration.storyboard in Resources */,
				FEE7BF4828DF4038000B87A4 /* Login.storyboard in Resources */,
				FEE7BF2B28DF2D1A000B87A4 /* LaunchScreen.storyboard in Resources */,
				FEE7BF2828DF2D1A000B87A4 /* Assets.xcassets in Resources */,
				FEE7BF2628DF2D17000B87A4 /* Conversation.storyboard in Resources */,
				FEFC8B3428E00B760061ED75 /* GoogleService-Info.plist in Resources */,
			);
			runOnlyForDeploymentPostprocessing = 0;
		};
/* End PBXResourcesBuildPhase section */

/* Begin PBXShellScriptBuildPhase section */
		BA2491E05233A1E9A032DBB7 /* [CP] Embed Pods Frameworks */ = {
			isa = PBXShellScriptBuildPhase;
			buildActionMask = 2147483647;
			files = (
			);
			inputFileListPaths = (
				"${PODS_ROOT}/Target Support Files/Pods-iMess/Pods-iMess-frameworks-${CONFIGURATION}-input-files.xcfilelist",
			);
			name = "[CP] Embed Pods Frameworks";
			outputFileListPaths = (
				"${PODS_ROOT}/Target Support Files/Pods-iMess/Pods-iMess-frameworks-${CONFIGURATION}-output-files.xcfilelist",
			);
			runOnlyForDeploymentPostprocessing = 0;
			shellPath = /bin/sh;
			shellScript = "\"${PODS_ROOT}/Target Support Files/Pods-iMess/Pods-iMess-frameworks.sh\"\n";
			showEnvVarsInLog = 0;
		};
		CCF2B0C9BE8573F1CF5DB911 /* [CP] Check Pods Manifest.lock */ = {
			isa = PBXShellScriptBuildPhase;
			buildActionMask = 2147483647;
			files = (
			);
			inputFileListPaths = (
			);
			inputPaths = (
				"${PODS_PODFILE_DIR_PATH}/Podfile.lock",
				"${PODS_ROOT}/Manifest.lock",
			);
			name = "[CP] Check Pods Manifest.lock";
			outputFileListPaths = (
			);
			outputPaths = (
				"$(DERIVED_FILE_DIR)/Pods-iMess-checkManifestLockResult.txt",
			);
			runOnlyForDeploymentPostprocessing = 0;
			shellPath = /bin/sh;
			shellScript = "diff \"${PODS_PODFILE_DIR_PATH}/Podfile.lock\" \"${PODS_ROOT}/Manifest.lock\" > /dev/null\nif [ $? != 0 ] ; then\n    # print error to STDERR\n    echo \"error: The sandbox is not in sync with the Podfile.lock. Run 'pod install' or update your CocoaPods installation.\" >&2\n    exit 1\nfi\n# This output is used by Xcode 'outputs' to avoid re-running this script phase.\necho \"SUCCESS\" > \"${SCRIPT_OUTPUT_FILE_0}\"\n";
			showEnvVarsInLog = 0;
		};
/* End PBXShellScriptBuildPhase section */

/* Begin PBXSourcesBuildPhase section */
		FEE7BF1728DF2D17000B87A4 /* Sources */ = {
			isa = PBXSourcesBuildPhase;
			buildActionMask = 2147483647;
			files = (
				FEE7BF3928DF336E000B87A4 /* LoginViewController.swift in Sources */,
				FEE7BF3F28DF33CD000B87A4 /* VideoViewerViewController.swift in Sources */,
				FEE7BF4128DF33FE000B87A4 /* NewConversationViewController.swift in Sources */,
				FEE7BF3B28DF338B000B87A4 /* RegisterViewController.swift in Sources */,
				FEE7BF2328DF2D17000B87A4 /* ConversationsViewController.swift in Sources */,
				FEE7BF1F28DF2D17000B87A4 /* AppDelegate.swift in Sources */,
				FEE7BF4328DF3417000B87A4 /* ProfileViewController.swift in Sources */,
				FEE7BF2128DF2D17000B87A4 /* SceneDelegate.swift in Sources */,
				FEE7BF3D28DF33BF000B87A4 /* PhotoViewerViewController.swift in Sources */,
			);
			runOnlyForDeploymentPostprocessing = 0;
		};
/* End PBXSourcesBuildPhase section */

/* Begin PBXVariantGroup section */
		FEE7BF2428DF2D17000B87A4 /* Conversation.storyboard */ = {
			isa = PBXVariantGroup;
			children = (
				FEE7BF2528DF2D17000B87A4 /* Base */,
			);
			name = Conversation.storyboard;
			sourceTree = "<group>";
		};
		FEE7BF2928DF2D1A000B87A4 /* LaunchScreen.storyboard */ = {
			isa = PBXVariantGroup;
			children = (
				FEE7BF2A28DF2D1A000B87A4 /* Base */,
			);
			name = LaunchScreen.storyboard;
			sourceTree = "<group>";
		};
/* End PBXVariantGroup section */

/* Begin XCBuildConfiguration section */
		FEE7BF2D28DF2D1A000B87A4 /* Debug */ = {
			isa = XCBuildConfiguration;
			buildSettings = {
				ALWAYS_SEARCH_USER_PATHS = NO;
				CLANG_ANALYZER_NONNULL = YES;
				CLANG_ANALYZER_NUMBER_OBJECT_CONVERSION = YES_AGGRESSIVE;
				CLANG_CXX_LANGUAGE_STANDARD = "gnu++20";
				CLANG_ENABLE_MODULES = YES;
				CLANG_ENABLE_OBJC_ARC = YES;
				CLANG_ENABLE_OBJC_WEAK = YES;
				CLANG_WARN_BLOCK_CAPTURE_AUTORELEASING = YES;
				CLANG_WARN_BOOL_CONVERSION = YES;
				CLANG_WARN_COMMA = YES;
				CLANG_WARN_CONSTANT_CONVERSION = YES;
				CLANG_WARN_DEPRECATED_OBJC_IMPLEMENTATIONS = YES;
				CLANG_WARN_DIRECT_OBJC_ISA_USAGE = YES_ERROR;
				CLANG_WARN_DOCUMENTATION_COMMENTS = YES;
				CLANG_WARN_EMPTY_BODY = YES;
				CLANG_WARN_ENUM_CONVERSION = YES;
				CLANG_WARN_INFINITE_RECURSION = YES;
				CLANG_WARN_INT_CONVERSION = YES;
				CLANG_WARN_NON_LITERAL_NULL_CONVERSION = YES;
				CLANG_WARN_OBJC_IMPLICIT_RETAIN_SELF = YES;
				CLANG_WARN_OBJC_LITERAL_CONVERSION = YES;
				CLANG_WARN_OBJC_ROOT_CLASS = YES_ERROR;
				CLANG_WARN_QUOTED_INCLUDE_IN_FRAMEWORK_HEADER = YES;
				CLANG_WARN_RANGE_LOOP_ANALYSIS = YES;
				CLANG_WARN_STRICT_PROTOTYPES = YES;
				CLANG_WARN_SUSPICIOUS_MOVE = YES;
				CLANG_WARN_UNGUARDED_AVAILABILITY = YES_AGGRESSIVE;
				CLANG_WARN_UNREACHABLE_CODE = YES;
				CLANG_WARN__DUPLICATE_METHOD_MATCH = YES;
				COPY_PHASE_STRIP = NO;
				DEBUG_INFORMATION_FORMAT = dwarf;
				ENABLE_STRICT_OBJC_MSGSEND = YES;
				ENABLE_TESTABILITY = YES;
				GCC_C_LANGUAGE_STANDARD = gnu11;
				GCC_DYNAMIC_NO_PIC = NO;
				GCC_NO_COMMON_BLOCKS = YES;
				GCC_OPTIMIZATION_LEVEL = 0;
				GCC_PREPROCESSOR_DEFINITIONS = (
					"DEBUG=1",
					"$(inherited)",
				);
				GCC_WARN_64_TO_32_BIT_CONVERSION = YES;
				GCC_WARN_ABOUT_RETURN_TYPE = YES_ERROR;
				GCC_WARN_UNDECLARED_SELECTOR = YES;
				GCC_WARN_UNINITIALIZED_AUTOS = YES_AGGRESSIVE;
				GCC_WARN_UNUSED_FUNCTION = YES;
				GCC_WARN_UNUSED_VARIABLE = YES;
				IPHONEOS_DEPLOYMENT_TARGET = 16.0;
				MTL_ENABLE_DEBUG_INFO = INCLUDE_SOURCE;
				MTL_FAST_MATH = YES;
				ONLY_ACTIVE_ARCH = YES;
				SDKROOT = iphoneos;
				SWIFT_ACTIVE_COMPILATION_CONDITIONS = DEBUG;
				SWIFT_OPTIMIZATION_LEVEL = "-Onone";
			};
			name = Debug;
		};
		FEE7BF2E28DF2D1A000B87A4 /* Release */ = {
			isa = XCBuildConfiguration;
			buildSettings = {
				ALWAYS_SEARCH_USER_PATHS = NO;
				CLANG_ANALYZER_NONNULL = YES;
				CLANG_ANALYZER_NUMBER_OBJECT_CONVERSION = YES_AGGRESSIVE;
				CLANG_CXX_LANGUAGE_STANDARD = "gnu++20";
				CLANG_ENABLE_MODULES = YES;
				CLANG_ENABLE_OBJC_ARC = YES;
				CLANG_ENABLE_OBJC_WEAK = YES;
				CLANG_WARN_BLOCK_CAPTURE_AUTORELEASING = YES;
				CLANG_WARN_BOOL_CONVERSION = YES;
				CLANG_WARN_COMMA = YES;
				CLANG_WARN_CONSTANT_CONVERSION = YES;
				CLANG_WARN_DEPRECATED_OBJC_IMPLEMENTATIONS = YES;
				CLANG_WARN_DIRECT_OBJC_ISA_USAGE = YES_ERROR;
				CLANG_WARN_DOCUMENTATION_COMMENTS = YES;
				CLANG_WARN_EMPTY_BODY = YES;
				CLANG_WARN_ENUM_CONVERSION = YES;
				CLANG_WARN_INFINITE_RECURSION = YES;
				CLANG_WARN_INT_CONVERSION = YES;
				CLANG_WARN_NON_LITERAL_NULL_CONVERSION = YES;
				CLANG_WARN_OBJC_IMPLICIT_RETAIN_SELF = YES;
				CLANG_WARN_OBJC_LITERAL_CONVERSION = YES;
				CLANG_WARN_OBJC_ROOT_CLASS = YES_ERROR;
				CLANG_WARN_QUOTED_INCLUDE_IN_FRAMEWORK_HEADER = YES;
				CLANG_WARN_RANGE_LOOP_ANALYSIS = YES;
				CLANG_WARN_STRICT_PROTOTYPES = YES;
				CLANG_WARN_SUSPICIOUS_MOVE = YES;
				CLANG_WARN_UNGUARDED_AVAILABILITY = YES_AGGRESSIVE;
				CLANG_WARN_UNREACHABLE_CODE = YES;
				CLANG_WARN__DUPLICATE_METHOD_MATCH = YES;
				COPY_PHASE_STRIP = NO;
				DEBUG_INFORMATION_FORMAT = "dwarf-with-dsym";
				ENABLE_NS_ASSERTIONS = NO;
				ENABLE_STRICT_OBJC_MSGSEND = YES;
				GCC_C_LANGUAGE_STANDARD = gnu11;
				GCC_NO_COMMON_BLOCKS = YES;
				GCC_WARN_64_TO_32_BIT_CONVERSION = YES;
				GCC_WARN_ABOUT_RETURN_TYPE = YES_ERROR;
				GCC_WARN_UNDECLARED_SELECTOR = YES;
				GCC_WARN_UNINITIALIZED_AUTOS = YES_AGGRESSIVE;
				GCC_WARN_UNUSED_FUNCTION = YES;
				GCC_WARN_UNUSED_VARIABLE = YES;
				IPHONEOS_DEPLOYMENT_TARGET = 16.0;
				MTL_ENABLE_DEBUG_INFO = NO;
				MTL_FAST_MATH = YES;
				SDKROOT = iphoneos;
				SWIFT_COMPILATION_MODE = wholemodule;
				SWIFT_OPTIMIZATION_LEVEL = "-O";
				VALIDATE_PRODUCT = YES;
			};
			name = Release;
		};
		FEE7BF3028DF2D1A000B87A4 /* Debug */ = {
			isa = XCBuildConfiguration;
			baseConfigurationReference = 4F5B587F82B69874E29814FC /* Pods-iMess.debug.xcconfig */;
			buildSettings = {
				ASSETCATALOG_COMPILER_APPICON_NAME = AppIcon;
				ASSETCATALOG_COMPILER_GLOBAL_ACCENT_COLOR_NAME = AccentColor;
				CODE_SIGN_STYLE = Automatic;
				CURRENT_PROJECT_VERSION = 1;
				DEVELOPMENT_TEAM = X6MF2GQY74;
				GENERATE_INFOPLIST_FILE = YES;
				INFOPLIST_FILE = iMess/Info.plist;
				INFOPLIST_KEY_UIApplicationSupportsIndirectInputEvents = YES;
				INFOPLIST_KEY_UILaunchStoryboardName = LaunchScreen;
				INFOPLIST_KEY_UIMainStoryboardFile = Conversation;
				INFOPLIST_KEY_UISupportedInterfaceOrientations = UIInterfaceOrientationPortrait;
				INFOPLIST_KEY_UISupportedInterfaceOrientations_iPad = "UIInterfaceOrientationLandscapeLeft UIInterfaceOrientationLandscapeRight UIInterfaceOrientationPortrait UIInterfaceOrientationPortraitUpsideDown";
				IPHONEOS_DEPLOYMENT_TARGET = 13.0;
				LD_RUNPATH_SEARCH_PATHS = (
					"$(inherited)",
					"@executable_path/Frameworks",
				);
				MARKETING_VERSION = 1.0;
				PRODUCT_BUNDLE_IDENTIFIER = valentinrymsha.iMess;
				PRODUCT_NAME = "$(TARGET_NAME)";
				SUPPORTED_PLATFORMS = "iphoneos iphonesimulator";
				SUPPORTS_MACCATALYST = NO;
				SUPPORTS_MAC_DESIGNED_FOR_IPHONE_IPAD = NO;
				SWIFT_EMIT_LOC_STRINGS = YES;
				SWIFT_VERSION = 5.0;
				TARGETED_DEVICE_FAMILY = 1;
			};
			name = Debug;
		};
		FEE7BF3128DF2D1A000B87A4 /* Release */ = {
			isa = XCBuildConfiguration;
			baseConfigurationReference = DF636D2E2E65B0161AA48CA8 /* Pods-iMess.release.xcconfig */;
			buildSettings = {
				ASSETCATALOG_COMPILER_APPICON_NAME = AppIcon;
				ASSETCATALOG_COMPILER_GLOBAL_ACCENT_COLOR_NAME = AccentColor;
				CODE_SIGN_STYLE = Automatic;
				CURRENT_PROJECT_VERSION = 1;
				DEVELOPMENT_TEAM = X6MF2GQY74;
				GENERATE_INFOPLIST_FILE = YES;
				INFOPLIST_FILE = iMess/Info.plist;
				INFOPLIST_KEY_UIApplicationSupportsIndirectInputEvents = YES;
				INFOPLIST_KEY_UILaunchStoryboardName = LaunchScreen;
				INFOPLIST_KEY_UIMainStoryboardFile = Conversation;
				INFOPLIST_KEY_UISupportedInterfaceOrientations = UIInterfaceOrientationPortrait;
				INFOPLIST_KEY_UISupportedInterfaceOrientations_iPad = "UIInterfaceOrientationLandscapeLeft UIInterfaceOrientationLandscapeRight UIInterfaceOrientationPortrait UIInterfaceOrientationPortraitUpsideDown";
				IPHONEOS_DEPLOYMENT_TARGET = 13.0;
				LD_RUNPATH_SEARCH_PATHS = (
					"$(inherited)",
					"@executable_path/Frameworks",
				);
				MARKETING_VERSION = 1.0;
				PRODUCT_BUNDLE_IDENTIFIER = valentinrymsha.iMess;
				PRODUCT_NAME = "$(TARGET_NAME)";
				SUPPORTED_PLATFORMS = "iphoneos iphonesimulator";
				SUPPORTS_MACCATALYST = NO;
				SUPPORTS_MAC_DESIGNED_FOR_IPHONE_IPAD = NO;
				SWIFT_EMIT_LOC_STRINGS = YES;
				SWIFT_VERSION = 5.0;
				TARGETED_DEVICE_FAMILY = 1;
			};
			name = Release;
		};
/* End XCBuildConfiguration section */

/* Begin XCConfigurationList section */
		FEE7BF1628DF2D17000B87A4 /* Build configuration list for PBXProject "iMess" */ = {
			isa = XCConfigurationList;
			buildConfigurations = (
				FEE7BF2D28DF2D1A000B87A4 /* Debug */,
				FEE7BF2E28DF2D1A000B87A4 /* Release */,
			);
			defaultConfigurationIsVisible = 0;
			defaultConfigurationName = Release;
		};
		FEE7BF2F28DF2D1A000B87A4 /* Build configuration list for PBXNativeTarget "iMess" */ = {
			isa = XCConfigurationList;
			buildConfigurations = (
				FEE7BF3028DF2D1A000B87A4 /* Debug */,
				FEE7BF3128DF2D1A000B87A4 /* Release */,
			);
			defaultConfigurationIsVisible = 0;
			defaultConfigurationName = Release;
		};
/* End XCConfigurationList section */
	};
	rootObject = FEE7BF1328DF2D17000B87A4 /* Project object */;
}
